
Microsoft Visual Studio Solution File, Format Version 12.00
# Visual Studio Version 16
VisualStudioVersion = 16.0.30104.148
MinimumVisualStudioVersion = 10.0.40219.1
Project("{FAE04EC0-301F-11D3-BF4B-00C04F79EFBC}") = "sol1", "sol1\sol1.csproj", "{3568C301-A462-4ACD-A1AF-2DCD494C680A}"
EndProject
Global
	GlobalSection(SolutionConfigurationPlatforms) = preSolution
		Debug|Any CPU = Debug|Any CPU
		Release|Any CPU = Release|Any CPU
	EndGlobalSection
	GlobalSection(ProjectConfigurationPlatforms) = postSolution
		{3568C301-A462-4ACD-A1AF-2DCD494C680A}.Debug|Any CPU.ActiveCfg = Debug|Any CPU
		{3568C301-A462-4ACD-A1AF-2DCD494C680A}.Debug|Any CPU.Build.0 = Debug|Any CPU
		{3568C301-A462-4ACD-A1AF-2DCD494C680A}.Release|Any CPU.ActiveCfg = Release|Any CPU
		{3568C301-A462-4ACD-A1AF-2DCD494C680A}.Release|Any CPU.Build.0 = Release|Any CPU
	EndGlobalSection
	GlobalSection(SolutionProperties) = preSolution
		HideSolutionNode = FALSE
	EndGlobalSection
	GlobalSection(ExtensibilityGlobals) = postSolution
		SolutionGuid = {AA383ABD-47C2-427A-A3DC-53C47440CC7F}
	EndGlobalSection
EndGlobal
