
Microsoft Visual Studio Solution File, Format Version 12.00
# Visual Studio Version 16
VisualStudioVersion = 16.0.29911.84
MinimumVisualStudioVersion = 10.0.40219.1
Project("{FAE04EC0-301F-11D3-BF4B-00C04F79EFBC}") = "sol2", "sol2\sol2.csproj", "{22303514-AEE2-4B83-A20A-E9E76EFDF40E}"
EndProject
Global
	GlobalSection(SolutionConfigurationPlatforms) = preSolution
		Debug|Any CPU = Debug|Any CPU
		Release|Any CPU = Release|Any CPU
	EndGlobalSection
	GlobalSection(ProjectConfigurationPlatforms) = postSolution
		{22303514-AEE2-4B83-A20A-E9E76EFDF40E}.Debug|Any CPU.ActiveCfg = Debug|Any CPU
		{22303514-AEE2-4B83-A20A-E9E76EFDF40E}.Debug|Any CPU.Build.0 = Debug|Any CPU
		{22303514-AEE2-4B83-A20A-E9E76EFDF40E}.Release|Any CPU.ActiveCfg = Release|Any CPU
		{22303514-AEE2-4B83-A20A-E9E76EFDF40E}.Release|Any CPU.Build.0 = Release|Any CPU
	EndGlobalSection
	GlobalSection(SolutionProperties) = preSolution
		HideSolutionNode = FALSE
	EndGlobalSection
	GlobalSection(ExtensibilityGlobals) = postSolution
		SolutionGuid = {70F4C4D0-D103-4B9D-8617-CA0B7DD4C3E6}
	EndGlobalSection
EndGlobal
